
Microsoft Visual Studio Solution File, Format Version 12.00
# Visual Studio Version 17
VisualStudioVersion = 17.2.32516.85
MinimumVisualStudioVersion = 10.0.40219.1
Project("{FAE04EC0-301F-11D3-BF4B-00C04F79EFBC}") = "Helpers.Tests", "Helpers.Tests\Helpers.Tests.csproj", "{51530F50-B5DE-4B47-ABA2-E34EF8718D36}"
EndProject
Project("{FAE04EC0-301F-11D3-BF4B-00C04F79EFBC}") = "Helpers", "Helpers\Helpers.csproj", "{9F6DDF73-3109-4C57-B826-6120D8090601}"
EndProject
Project("{FAE04EC0-301F-11D3-BF4B-00C04F79EFBC}") = "ShoppingCart", "ShoppingCart\ShoppingCart.csproj", "{C6A57CBD-EA76-4296-944B-C93E5F47205E}"
EndProject
Project("{FAE04EC0-301F-11D3-BF4B-00C04F79EFBC}") = "ShoppingCartTests", "ShoppingCartTests\ShoppingCartTests.csproj", "{FC989A9A-7E2F-4681-A5A0-4473EF0E6C3B}"
EndProject
Project("{FAE04EC0-301F-11D3-BF4B-00C04F79EFBC}") = "AssemblyLevel", "AssemblyLevel\AssemblyLevel.csproj", "{0CCF04EB-C8A2-4A3C-BFFC-A5B9DCF4AA7A}"
EndProject
Project("{FAE04EC0-301F-11D3-BF4B-00C04F79EFBC}") = "Asserts.Tests", "Asserts.Tests\Asserts.Tests.csproj", "{CB077E8D-B923-4FCB-8014-419A8EF067E5}"
EndProject
Global
	GlobalSection(SolutionConfigurationPlatforms) = preSolution
		Debug|Any CPU = Debug|Any CPU
		Release|Any CPU = Release|Any CPU
	EndGlobalSection
	GlobalSection(ProjectConfigurationPlatforms) = postSolution
		{51530F50-B5DE-4B47-ABA2-E34EF8718D36}.Debug|Any CPU.ActiveCfg = Debug|Any CPU
		{51530F50-B5DE-4B47-ABA2-E34EF8718D36}.Debug|Any CPU.Build.0 = Debug|Any CPU
		{51530F50-B5DE-4B47-ABA2-E34EF8718D36}.Release|Any CPU.ActiveCfg = Release|Any CPU
		{51530F50-B5DE-4B47-ABA2-E34EF8718D36}.Release|Any CPU.Build.0 = Release|Any CPU
		{9F6DDF73-3109-4C57-B826-6120D8090601}.Debug|Any CPU.ActiveCfg = Debug|Any CPU
		{9F6DDF73-3109-4C57-B826-6120D8090601}.Debug|Any CPU.Build.0 = Debug|Any CPU
		{9F6DDF73-3109-4C57-B826-6120D8090601}.Release|Any CPU.ActiveCfg = Release|Any CPU
		{9F6DDF73-3109-4C57-B826-6120D8090601}.Release|Any CPU.Build.0 = Release|Any CPU
		{C6A57CBD-EA76-4296-944B-C93E5F47205E}.Debug|Any CPU.ActiveCfg = Debug|Any CPU
		{C6A57CBD-EA76-4296-944B-C93E5F47205E}.Debug|Any CPU.Build.0 = Debug|Any CPU
		{C6A57CBD-EA76-4296-944B-C93E5F47205E}.Release|Any CPU.ActiveCfg = Release|Any CPU
		{C6A57CBD-EA76-4296-944B-C93E5F47205E}.Release|Any CPU.Build.0 = Release|Any CPU
		{FC989A9A-7E2F-4681-A5A0-4473EF0E6C3B}.Debug|Any CPU.ActiveCfg = Debug|Any CPU
		{FC989A9A-7E2F-4681-A5A0-4473EF0E6C3B}.Debug|Any CPU.Build.0 = Debug|Any CPU
		{FC989A9A-7E2F-4681-A5A0-4473EF0E6C3B}.Release|Any CPU.ActiveCfg = Release|Any CPU
		{FC989A9A-7E2F-4681-A5A0-4473EF0E6C3B}.Release|Any CPU.Build.0 = Release|Any CPU
		{0CCF04EB-C8A2-4A3C-BFFC-A5B9DCF4AA7A}.Debug|Any CPU.ActiveCfg = Debug|Any CPU
		{0CCF04EB-C8A2-4A3C-BFFC-A5B9DCF4AA7A}.Debug|Any CPU.Build.0 = Debug|Any CPU
		{0CCF04EB-C8A2-4A3C-BFFC-A5B9DCF4AA7A}.Release|Any CPU.ActiveCfg = Release|Any CPU
		{0CCF04EB-C8A2-4A3C-BFFC-A5B9DCF4AA7A}.Release|Any CPU.Build.0 = Release|Any CPU
		{CB077E8D-B923-4FCB-8014-419A8EF067E5}.Debug|Any CPU.ActiveCfg = Debug|Any CPU
		{CB077E8D-B923-4FCB-8014-419A8EF067E5}.Debug|Any CPU.Build.0 = Debug|Any CPU
		{CB077E8D-B923-4FCB-8014-419A8EF067E5}.Release|Any CPU.ActiveCfg = Release|Any CPU
		{CB077E8D-B923-4FCB-8014-419A8EF067E5}.Release|Any CPU.Build.0 = Release|Any CPU
	EndGlobalSection
	GlobalSection(SolutionProperties) = preSolution
		HideSolutionNode = FALSE
	EndGlobalSection
	GlobalSection(ExtensibilityGlobals) = postSolution
		SolutionGuid = {C5AA60BF-EE99-4125-A36F-8C0612973CD7}
	EndGlobalSection
EndGlobal
